
Microsoft Visual Studio Solution File, Format Version 12.00
# Visual Studio Version 17
VisualStudioVersion = 17.4.33103.184
MinimumVisualStudioVersion = 10.0.40219.1
Project("{FAE04EC0-301F-11D3-BF4B-00C04F79EFBC}") = "Assignment7", "Assignment7\Assignment7.csproj", "{F5ABB779-7786-4472-9490-6F9FD8593F2E}"
EndProject
Global
	GlobalSection(SolutionConfigurationPlatforms) = preSolution
		Debug|Any CPU = Debug|Any CPU
		Release|Any CPU = Release|Any CPU
	EndGlobalSection
	GlobalSection(ProjectConfigurationPlatforms) = postSolution
		{F5ABB779-7786-4472-9490-6F9FD8593F2E}.Debug|Any CPU.ActiveCfg = Debug|Any CPU
		{F5ABB779-7786-4472-9490-6F9FD8593F2E}.Debug|Any CPU.Build.0 = Debug|Any CPU
		{F5ABB779-7786-4472-9490-6F9FD8593F2E}.Release|Any CPU.ActiveCfg = Release|Any CPU
		{F5ABB779-7786-4472-9490-6F9FD8593F2E}.Release|Any CPU.Build.0 = Release|Any CPU
	EndGlobalSection
	GlobalSection(SolutionProperties) = preSolution
		HideSolutionNode = FALSE
	EndGlobalSection
	GlobalSection(ExtensibilityGlobals) = postSolution
		SolutionGuid = {EFE6D303-AC11-4F72-A6C4-9654E8B30059}
	EndGlobalSection
EndGlobal
